
Microsoft Visual Studio Solution File, Format Version 12.00
# Visual Studio Version 17
VisualStudioVersion = 17.9.34723.18
MinimumVisualStudioVersion = 10.0.40219.1
Project("{FAE04EC0-301F-11D3-BF4B-00C04F79EFBC}") = "Lecture7", "Lecture7.csproj", "{FFE20117-6978-448B-B9B9-DF5ECB310C5B}"
EndProject
Global
	GlobalSection(SolutionConfigurationPlatforms) = preSolution
		Debug|Any CPU = Debug|Any CPU
		Release|Any CPU = Release|Any CPU
	EndGlobalSection
	GlobalSection(ProjectConfigurationPlatforms) = postSolution
		{FFE20117-6978-448B-B9B9-DF5ECB310C5B}.Debug|Any CPU.ActiveCfg = Debug|Any CPU
		{FFE20117-6978-448B-B9B9-DF5ECB310C5B}.Debug|Any CPU.Build.0 = Debug|Any CPU
		{FFE20117-6978-448B-B9B9-DF5ECB310C5B}.Release|Any CPU.ActiveCfg = Release|Any CPU
		{FFE20117-6978-448B-B9B9-DF5ECB310C5B}.Release|Any CPU.Build.0 = Release|Any CPU
	EndGlobalSection
	GlobalSection(SolutionProperties) = preSolution
		HideSolutionNode = FALSE
	EndGlobalSection
	GlobalSection(ExtensibilityGlobals) = postSolution
		SolutionGuid = {5D125C01-5728-4CC4-B0AD-7E8321E01B2F}
	EndGlobalSection
EndGlobal
